{
    "version": 3,
    "terraform_version": "0.11.11",
    "serial": 61,
    "lineage": "c2a7830b-df29-71fc-21da-51b111905757",
    "modules": [
        {
            "path": [
                "root"
            ],
            "outputs": {},
            "resources": {
                "openstack_compute_floatingip_v2.bastion_ssh_floatingip": {
                    "type": "openstack_compute_floatingip_v2",
                    "depends_on": [],
                    "primary": {
                        "id": "caffbfb2-82e1-479f-95d2-b73948724a14",
                        "attributes": {
                            "address": "84.39.53.136",
                            "fixed_ip": "",
                            "id": "caffbfb2-82e1-479f-95d2-b73948724a14",
                            "instance_id": "",
                            "pool": "public",
                            "region": "fr2"
                        },
                        "meta": {},
                        "tainted": false
                    },
                    "deposed": [],
                    "provider": "provider.openstack"
                },
                "openstack_compute_floatingip_v2.k8s_master_floatingip": {
                    "type": "openstack_compute_floatingip_v2",
                    "depends_on": [],
                    "primary": {
                        "id": "3d5d4458-a533-4a4f-88c4-99cbf7f0e5fd",
                        "attributes": {
                            "address": "84.39.53.72",
                            "fixed_ip": "",
                            "id": "3d5d4458-a533-4a4f-88c4-99cbf7f0e5fd",
                            "instance_id": "",
                            "pool": "public",
                            "region": "fr2"
                        },
                        "meta": {},
                        "tainted": false
                    },
                    "deposed": [],
                    "provider": "provider.openstack"
                },
                "openstack_compute_instance_v2.bastion_ssh": {
                    "type": "openstack_compute_instance_v2",
                    "depends_on": [
                        "openstack_networking_port_v2.bastion_ssh_port"
                    ],
                    "primary": {
                        "id": "c542c65a-0914-490e-a51f-9e52656a4d04",
                        "attributes": {
                            "access_ip_v4": "192.168.100.6",
                            "access_ip_v6": "",
                            "all_metadata.%": "1",
                            "all_metadata.host_groups": "bastion-ssh",
                            "availability_zone": "nova",
                            "flavor_id": "17",
                            "flavor_name": "s1.cw.small-1",
                            "force_delete": "false",
                            "id": "c542c65a-0914-490e-a51f-9e52656a4d04",
                            "image_id": "1fa1c3f9-3bac-4491-ae80-17ecac87dd89",
                            "image_name": "CentOS 7.6",
                            "key_pair": "cwpn6480",
                            "metadata.%": "1",
                            "metadata.host_groups": "bastion-ssh",
                            "name": "bastion-ssh",
                            "network.#": "1",
                            "network.0.access_network": "false",
                            "network.0.fixed_ip_v4": "192.168.100.6",
                            "network.0.fixed_ip_v6": "",
                            "network.0.floating_ip": "",
                            "network.0.mac": "02:1e:81:35:df:ff",
                            "network.0.name": "network_admin",
                            "network.0.port": "1e8135df-ff99-458c-9059-4ea8db0802d9",
                            "network.0.uuid": "d11a7425-51bb-41e4-9048-253ce0bc6a8c",
                            "power_state": "active",
                            "region": "fr2",
                            "security_groups.#": "1",
                            "security_groups.1292839281": "admin_sg",
                            "stop_before_destroy": "false",
                            "user_data": "52ba08da7f4776e57770a7fe64b79b9053587405"
                        },
                        "meta": {
                            "e2bfb730-ecaa-11e6-8f88-34363bc7c4c0": {
                                "create": 1800000000000,
                                "delete": 1800000000000,
                                "update": 1800000000000
                            }
                        },
                        "tainted": false
                    },
                    "deposed": [],
                    "provider": "provider.openstack"
                },
                "openstack_compute_instance_v2.k8s_etcd.0": {
                    "type": "openstack_compute_instance_v2",
                    "depends_on": [
                        "openstack_compute_servergroup_v2.k8s_etcd_admin_group",
                        "openstack_networking_port_v2.k8s_etcd_admin_port.*"
                    ],
                    "primary": {
                        "id": "04ecae86-5762-42e7-9221-35d2d8fbba20",
                        "attributes": {
                            "access_ip_v4": "192.168.100.10",
                            "access_ip_v6": "",
                            "all_metadata.%": "1",
                            "all_metadata.host_groups": "k8s-etcd",
                            "availability_zone": "nova",
                            "flavor_id": "44",
                            "flavor_name": "n2.cw.standard-4",
                            "force_delete": "false",
                            "id": "04ecae86-5762-42e7-9221-35d2d8fbba20",
                            "image_id": "1fa1c3f9-3bac-4491-ae80-17ecac87dd89",
                            "image_name": "CentOS 7.6",
                            "key_pair": "cwpn6480",
                            "metadata.%": "1",
                            "metadata.host_groups": "k8s-etcd",
                            "name": "k8s-etcd1",
                            "network.#": "1",
                            "network.0.access_network": "false",
                            "network.0.fixed_ip_v4": "192.168.100.10",
                            "network.0.fixed_ip_v6": "",
                            "network.0.floating_ip": "",
                            "network.0.mac": "02:d5:21:c7:45:c1",
                            "network.0.name": "network_admin",
                            "network.0.port": "d521c745-c1d1-40ee-8222-dda73e3826fc",
                            "network.0.uuid": "d11a7425-51bb-41e4-9048-253ce0bc6a8c",
                            "power_state": "active",
                            "region": "fr2",
                            "scheduler_hints.#": "1",
                            "scheduler_hints.1438353766.additional_properties.%": "0",
                            "scheduler_hints.1438353766.build_near_host_ip": "",
                            "scheduler_hints.1438353766.different_host.#": "0",
                            "scheduler_hints.1438353766.group": "322cba4a-b1c4-4a5f-8492-9c3a5409e221",
                            "scheduler_hints.1438353766.query.#": "0",
                            "scheduler_hints.1438353766.same_host.#": "0",
                            "scheduler_hints.1438353766.target_cell": "",
                            "security_groups.#": "3",
                            "security_groups.1292839281": "admin_sg",
                            "security_groups.245573985": "etcd_sg",
                            "security_groups.517016157": "data_sg",
                            "stop_before_destroy": "false",
                            "user_data": "52ba08da7f4776e57770a7fe64b79b9053587405"
                        },
                        "meta": {
                            "e2bfb730-ecaa-11e6-8f88-34363bc7c4c0": {
                                "create": 1800000000000,
                                "delete": 1800000000000,
                                "update": 1800000000000
                            }
                        },
                        "tainted": false
                    },
                    "deposed": [],
                    "provider": "provider.openstack"
                },
                "openstack_compute_instance_v2.k8s_etcd.1": {
                    "type": "openstack_compute_instance_v2",
                    "depends_on": [
                        "openstack_compute_servergroup_v2.k8s_etcd_admin_group",
                        "openstack_networking_port_v2.k8s_etcd_admin_port.*"
                    ],
                    "primary": {
                        "id": "5d7805b7-02e8-4a0b-872a-9e83decac267",
                        "attributes": {
                            "access_ip_v4": "192.168.100.9",
                            "access_ip_v6": "",
                            "all_metadata.%": "1",
                            "all_metadata.host_groups": "k8s-etcd",
                            "availability_zone": "nova",
                            "flavor_id": "44",
                            "flavor_name": "n2.cw.standard-4",
                            "force_delete": "false",
                            "id": "5d7805b7-02e8-4a0b-872a-9e83decac267",
                            "image_id": "1fa1c3f9-3bac-4491-ae80-17ecac87dd89",
                            "image_name": "CentOS 7.6",
                            "key_pair": "cwpn6480",
                            "metadata.%": "1",
                            "metadata.host_groups": "k8s-etcd",
                            "name": "k8s-etcd2",
                            "network.#": "1",
                            "network.0.access_network": "false",
                            "network.0.fixed_ip_v4": "192.168.100.9",
                            "network.0.fixed_ip_v6": "",
                            "network.0.floating_ip": "",
                            "network.0.mac": "02:33:30:56:ab:22",
                            "network.0.name": "network_admin",
                            "network.0.port": "333056ab-2228-44dd-8a53-1925a01cc04f",
                            "network.0.uuid": "d11a7425-51bb-41e4-9048-253ce0bc6a8c",
                            "power_state": "active",
                            "region": "fr2",
                            "scheduler_hints.#": "1",
                            "scheduler_hints.1438353766.additional_properties.%": "0",
                            "scheduler_hints.1438353766.build_near_host_ip": "",
                            "scheduler_hints.1438353766.different_host.#": "0",
                            "scheduler_hints.1438353766.group": "322cba4a-b1c4-4a5f-8492-9c3a5409e221",
                            "scheduler_hints.1438353766.query.#": "0",
                            "scheduler_hints.1438353766.same_host.#": "0",
                            "scheduler_hints.1438353766.target_cell": "",
                            "security_groups.#": "3",
                            "security_groups.1292839281": "admin_sg",
                            "security_groups.245573985": "etcd_sg",
                            "security_groups.517016157": "data_sg",
                            "stop_before_destroy": "false",
                            "user_data": "52ba08da7f4776e57770a7fe64b79b9053587405"
                        },
                        "meta": {
                            "e2bfb730-ecaa-11e6-8f88-34363bc7c4c0": {
                                "create": 1800000000000,
                                "delete": 1800000000000,
                                "update": 1800000000000
                            }
                        },
                        "tainted": false
                    },
                    "deposed": [],
                    "provider": "provider.openstack"
                },
                "openstack_compute_instance_v2.k8s_etcd.2": {
                    "type": "openstack_compute_instance_v2",
                    "depends_on": [
                        "openstack_compute_servergroup_v2.k8s_etcd_admin_group",
                        "openstack_networking_port_v2.k8s_etcd_admin_port.*"
                    ],
                    "primary": {
                        "id": "40c3503f-3f8b-4018-9300-ca0034611e90",
                        "attributes": {
                            "access_ip_v4": "192.168.100.2",
                            "access_ip_v6": "",
                            "all_metadata.%": "1",
                            "all_metadata.host_groups": "k8s-etcd",
                            "availability_zone": "nova",
                            "flavor_id": "44",
                            "flavor_name": "n2.cw.standard-4",
                            "force_delete": "false",
                            "id": "40c3503f-3f8b-4018-9300-ca0034611e90",
                            "image_id": "1fa1c3f9-3bac-4491-ae80-17ecac87dd89",
                            "image_name": "CentOS 7.6",
                            "key_pair": "cwpn6480",
                            "metadata.%": "1",
                            "metadata.host_groups": "k8s-etcd",
                            "name": "k8s-etcd3",
                            "network.#": "1",
                            "network.0.access_network": "false",
                            "network.0.fixed_ip_v4": "192.168.100.2",
                            "network.0.fixed_ip_v6": "",
                            "network.0.floating_ip": "",
                            "network.0.mac": "02:95:45:9c:74:c0",
                            "network.0.name": "network_admin",
                            "network.0.port": "95459c74-c0bf-40ff-be7b-5e929b6f5d19",
                            "network.0.uuid": "d11a7425-51bb-41e4-9048-253ce0bc6a8c",
                            "power_state": "active",
                            "region": "fr2",
                            "scheduler_hints.#": "1",
                            "scheduler_hints.1438353766.additional_properties.%": "0",
                            "scheduler_hints.1438353766.build_near_host_ip": "",
                            "scheduler_hints.1438353766.different_host.#": "0",
                            "scheduler_hints.1438353766.group": "322cba4a-b1c4-4a5f-8492-9c3a5409e221",
                            "scheduler_hints.1438353766.query.#": "0",
                            "scheduler_hints.1438353766.same_host.#": "0",
                            "scheduler_hints.1438353766.target_cell": "",
                            "security_groups.#": "3",
                            "security_groups.1292839281": "admin_sg",
                            "security_groups.245573985": "etcd_sg",
                            "security_groups.517016157": "data_sg",
                            "stop_before_destroy": "false",
                            "user_data": "52ba08da7f4776e57770a7fe64b79b9053587405"
                        },
                        "meta": {
                            "e2bfb730-ecaa-11e6-8f88-34363bc7c4c0": {
                                "create": 1800000000000,
                                "delete": 1800000000000,
                                "update": 1800000000000
                            }
                        },
                        "tainted": false
                    },
                    "deposed": [],
                    "provider": "provider.openstack"
                },
                "openstack_compute_instance_v2.k8s_master.0": {
                    "type": "openstack_compute_instance_v2",
                    "depends_on": [
                        "openstack_compute_servergroup_v2.k8s_master_admin_group",
                        "openstack_networking_port_v2.k8s_master_admin_port.*"
                    ],
                    "primary": {
                        "id": "3a5ceb9c-a47e-4a3e-b03d-f62cf30750dd",
                        "attributes": {
                            "access_ip_v4": "192.168.100.11",
                            "access_ip_v6": "",
                            "all_metadata.%": "1",
                            "all_metadata.host_groups": "k8s-master;k8s-cluster",
                            "availability_zone": "nova",
                            "flavor_id": "44",
                            "flavor_name": "n2.cw.standard-4",
                            "force_delete": "false",
                            "id": "3a5ceb9c-a47e-4a3e-b03d-f62cf30750dd",
                            "image_id": "1fa1c3f9-3bac-4491-ae80-17ecac87dd89",
                            "image_name": "CentOS 7.6",
                            "key_pair": "cwpn6480",
                            "metadata.%": "1",
                            "metadata.host_groups": "k8s-master;k8s-cluster",
                            "name": "k8s-master1",
                            "network.#": "1",
                            "network.0.access_network": "false",
                            "network.0.fixed_ip_v4": "192.168.100.11",
                            "network.0.fixed_ip_v6": "",
                            "network.0.floating_ip": "",
                            "network.0.mac": "02:c5:be:94:be:20",
                            "network.0.name": "network_admin",
                            "network.0.port": "c5be94be-20e5-4468-ac31-01e854df7d5e",
                            "network.0.uuid": "d11a7425-51bb-41e4-9048-253ce0bc6a8c",
                            "power_state": "active",
                            "region": "fr2",
                            "scheduler_hints.#": "1",
                            "scheduler_hints.1563380950.additional_properties.%": "0",
                            "scheduler_hints.1563380950.build_near_host_ip": "",
                            "scheduler_hints.1563380950.different_host.#": "0",
                            "scheduler_hints.1563380950.group": "85b7e5b8-7835-44ee-9572-80539aaf8892",
                            "scheduler_hints.1563380950.query.#": "0",
                            "scheduler_hints.1563380950.same_host.#": "0",
                            "scheduler_hints.1563380950.target_cell": "",
                            "security_groups.#": "2",
                            "security_groups.1292839281": "admin_sg",
                            "security_groups.517016157": "data_sg",
                            "stop_before_destroy": "false",
                            "user_data": "52ba08da7f4776e57770a7fe64b79b9053587405"
                        },
                        "meta": {
                            "e2bfb730-ecaa-11e6-8f88-34363bc7c4c0": {
                                "create": 1800000000000,
                                "delete": 1800000000000,
                                "update": 1800000000000
                            }
                        },
                        "tainted": false
                    },
                    "deposed": [],
                    "provider": "provider.openstack"
                },
                "openstack_compute_instance_v2.k8s_master.1": {
                    "type": "openstack_compute_instance_v2",
                    "depends_on": [
                        "openstack_compute_servergroup_v2.k8s_master_admin_group",
                        "openstack_networking_port_v2.k8s_master_admin_port.*"
                    ],
                    "primary": {
                        "id": "299dde04-cc19-40ad-ac14-55401f461bfa",
                        "attributes": {
                            "access_ip_v4": "192.168.100.8",
                            "access_ip_v6": "",
                            "all_metadata.%": "1",
                            "all_metadata.host_groups": "k8s-master;k8s-cluster",
                            "availability_zone": "nova",
                            "flavor_id": "44",
                            "flavor_name": "n2.cw.standard-4",
                            "force_delete": "false",
                            "id": "299dde04-cc19-40ad-ac14-55401f461bfa",
                            "image_id": "1fa1c3f9-3bac-4491-ae80-17ecac87dd89",
                            "image_name": "CentOS 7.6",
                            "key_pair": "cwpn6480",
                            "metadata.%": "1",
                            "metadata.host_groups": "k8s-master;k8s-cluster",
                            "name": "k8s-master2",
                            "network.#": "1",
                            "network.0.access_network": "false",
                            "network.0.fixed_ip_v4": "192.168.100.8",
                            "network.0.fixed_ip_v6": "",
                            "network.0.floating_ip": "",
                            "network.0.mac": "02:24:93:bb:cf:ef",
                            "network.0.name": "network_admin",
                            "network.0.port": "2493bbcf-efaf-40fa-8128-1fc20341993e",
                            "network.0.uuid": "d11a7425-51bb-41e4-9048-253ce0bc6a8c",
                            "power_state": "active",
                            "region": "fr2",
                            "scheduler_hints.#": "1",
                            "scheduler_hints.1563380950.additional_properties.%": "0",
                            "scheduler_hints.1563380950.build_near_host_ip": "",
                            "scheduler_hints.1563380950.different_host.#": "0",
                            "scheduler_hints.1563380950.group": "85b7e5b8-7835-44ee-9572-80539aaf8892",
                            "scheduler_hints.1563380950.query.#": "0",
                            "scheduler_hints.1563380950.same_host.#": "0",
                            "scheduler_hints.1563380950.target_cell": "",
                            "security_groups.#": "2",
                            "security_groups.1292839281": "admin_sg",
                            "security_groups.517016157": "data_sg",
                            "stop_before_destroy": "false",
                            "user_data": "52ba08da7f4776e57770a7fe64b79b9053587405"
                        },
                        "meta": {
                            "e2bfb730-ecaa-11e6-8f88-34363bc7c4c0": {
                                "create": 1800000000000,
                                "delete": 1800000000000,
                                "update": 1800000000000
                            }
                        },
                        "tainted": false
                    },
                    "deposed": [],
                    "provider": "provider.openstack"
                },
                "openstack_compute_instance_v2.k8s_master.2": {
                    "type": "openstack_compute_instance_v2",
                    "depends_on": [
                        "openstack_compute_servergroup_v2.k8s_master_admin_group",
                        "openstack_networking_port_v2.k8s_master_admin_port.*"
                    ],
                    "primary": {
                        "id": "127c76a1-5fbd-40fe-a381-618be1ff0bf2",
                        "attributes": {
                            "access_ip_v4": "192.168.100.4",
                            "access_ip_v6": "",
                            "all_metadata.%": "1",
                            "all_metadata.host_groups": "k8s-master;k8s-cluster",
                            "availability_zone": "nova",
                            "flavor_id": "44",
                            "flavor_name": "n2.cw.standard-4",
                            "force_delete": "false",
                            "id": "127c76a1-5fbd-40fe-a381-618be1ff0bf2",
                            "image_id": "1fa1c3f9-3bac-4491-ae80-17ecac87dd89",
                            "image_name": "CentOS 7.6",
                            "key_pair": "cwpn6480",
                            "metadata.%": "1",
                            "metadata.host_groups": "k8s-master;k8s-cluster",
                            "name": "k8s-master3",
                            "network.#": "1",
                            "network.0.access_network": "false",
                            "network.0.fixed_ip_v4": "192.168.100.4",
                            "network.0.fixed_ip_v6": "",
                            "network.0.floating_ip": "",
                            "network.0.mac": "02:bf:8a:c3:c6:a4",
                            "network.0.name": "network_admin",
                            "network.0.port": "bf8ac3c6-a4b4-44fe-803f-056423635243",
                            "network.0.uuid": "d11a7425-51bb-41e4-9048-253ce0bc6a8c",
                            "power_state": "active",
                            "region": "fr2",
                            "scheduler_hints.#": "1",
                            "scheduler_hints.1563380950.additional_properties.%": "0",
                            "scheduler_hints.1563380950.build_near_host_ip": "",
                            "scheduler_hints.1563380950.different_host.#": "0",
                            "scheduler_hints.1563380950.group": "85b7e5b8-7835-44ee-9572-80539aaf8892",
                            "scheduler_hints.1563380950.query.#": "0",
                            "scheduler_hints.1563380950.same_host.#": "0",
                            "scheduler_hints.1563380950.target_cell": "",
                            "security_groups.#": "2",
                            "security_groups.1292839281": "admin_sg",
                            "security_groups.517016157": "data_sg",
                            "stop_before_destroy": "false",
                            "user_data": "52ba08da7f4776e57770a7fe64b79b9053587405"
                        },
                        "meta": {
                            "e2bfb730-ecaa-11e6-8f88-34363bc7c4c0": {
                                "create": 1800000000000,
                                "delete": 1800000000000,
                                "update": 1800000000000
                            }
                        },
                        "tainted": false
                    },
                    "deposed": [],
                    "provider": "provider.openstack"
                },
                "openstack_compute_instance_v2.k8s_node.0": {
                    "type": "openstack_compute_instance_v2",
                    "depends_on": [
                        "openstack_compute_servergroup_v2.k8s_node_admin_group",
                        "openstack_networking_port_v2.k8s_node_admin_port.*"
                    ],
                    "primary": {
                        "id": "95db1630-7733-4995-a6a8-99e2bc9d65ad",
                        "attributes": {
                            "access_ip_v4": "192.168.100.7",
                            "access_ip_v6": "",
                            "all_metadata.%": "1",
                            "all_metadata.host_groups": "k8s-node;k8s-cluster",
                            "availability_zone": "nova",
                            "flavor_id": "44",
                            "flavor_name": "n2.cw.standard-4",
                            "force_delete": "false",
                            "id": "95db1630-7733-4995-a6a8-99e2bc9d65ad",
                            "image_id": "1fa1c3f9-3bac-4491-ae80-17ecac87dd89",
                            "image_name": "CentOS 7.6",
                            "key_pair": "cwpn6480",
                            "metadata.%": "1",
                            "metadata.host_groups": "k8s-node;k8s-cluster",
                            "name": "k8s-node1",
                            "network.#": "1",
                            "network.0.access_network": "false",
                            "network.0.fixed_ip_v4": "192.168.100.7",
                            "network.0.fixed_ip_v6": "",
                            "network.0.floating_ip": "",
                            "network.0.mac": "02:15:41:1e:f4:fb",
                            "network.0.name": "network_admin",
                            "network.0.port": "15411ef4-fbf5-4251-aa11-9bc605933b0b",
                            "network.0.uuid": "d11a7425-51bb-41e4-9048-253ce0bc6a8c",
                            "power_state": "active",
                            "region": "fr2",
                            "scheduler_hints.#": "1",
                            "scheduler_hints.3647939273.additional_properties.%": "0",
                            "scheduler_hints.3647939273.build_near_host_ip": "",
                            "scheduler_hints.3647939273.different_host.#": "0",
                            "scheduler_hints.3647939273.group": "87786fe5-3462-40ba-b415-b0296fa1d387",
                            "scheduler_hints.3647939273.query.#": "0",
                            "scheduler_hints.3647939273.same_host.#": "0",
                            "scheduler_hints.3647939273.target_cell": "",
                            "security_groups.#": "2",
                            "security_groups.1292839281": "admin_sg",
                            "security_groups.517016157": "data_sg",
                            "stop_before_destroy": "false",
                            "user_data": "52ba08da7f4776e57770a7fe64b79b9053587405"
                        },
                        "meta": {
                            "e2bfb730-ecaa-11e6-8f88-34363bc7c4c0": {
                                "create": 1800000000000,
                                "delete": 1800000000000,
                                "update": 1800000000000
                            }
                        },
                        "tainted": false
                    },
                    "deposed": [],
                    "provider": "provider.openstack"
                },
                "openstack_compute_instance_v2.k8s_node.1": {
                    "type": "openstack_compute_instance_v2",
                    "depends_on": [
                        "openstack_compute_servergroup_v2.k8s_node_admin_group",
                        "openstack_networking_port_v2.k8s_node_admin_port.*"
                    ],
                    "primary": {
                        "id": "fab8e701-cbe2-471f-b8a5-e6a3c51b42cc",
                        "attributes": {
                            "access_ip_v4": "192.168.100.3",
                            "access_ip_v6": "",
                            "all_metadata.%": "1",
                            "all_metadata.host_groups": "k8s-node;k8s-cluster",
                            "availability_zone": "nova",
                            "flavor_id": "44",
                            "flavor_name": "n2.cw.standard-4",
                            "force_delete": "false",
                            "id": "fab8e701-cbe2-471f-b8a5-e6a3c51b42cc",
                            "image_id": "1fa1c3f9-3bac-4491-ae80-17ecac87dd89",
                            "image_name": "CentOS 7.6",
                            "key_pair": "cwpn6480",
                            "metadata.%": "1",
                            "metadata.host_groups": "k8s-node;k8s-cluster",
                            "name": "k8s-node2",
                            "network.#": "1",
                            "network.0.access_network": "false",
                            "network.0.fixed_ip_v4": "192.168.100.3",
                            "network.0.fixed_ip_v6": "",
                            "network.0.floating_ip": "",
                            "network.0.mac": "02:c7:42:0d:20:44",
                            "network.0.name": "network_admin",
                            "network.0.port": "c7420d20-4411-4b38-b749-2d748ea1eab7",
                            "network.0.uuid": "d11a7425-51bb-41e4-9048-253ce0bc6a8c",
                            "power_state": "active",
                            "region": "fr2",
                            "scheduler_hints.#": "1",
                            "scheduler_hints.3647939273.additional_properties.%": "0",
                            "scheduler_hints.3647939273.build_near_host_ip": "",
                            "scheduler_hints.3647939273.different_host.#": "0",
                            "scheduler_hints.3647939273.group": "87786fe5-3462-40ba-b415-b0296fa1d387",
                            "scheduler_hints.3647939273.query.#": "0",
                            "scheduler_hints.3647939273.same_host.#": "0",
                            "scheduler_hints.3647939273.target_cell": "",
                            "security_groups.#": "2",
                            "security_groups.1292839281": "admin_sg",
                            "security_groups.517016157": "data_sg",
                            "stop_before_destroy": "false",
                            "user_data": "52ba08da7f4776e57770a7fe64b79b9053587405"
                        },
                        "meta": {
                            "e2bfb730-ecaa-11e6-8f88-34363bc7c4c0": {
                                "create": 1800000000000,
                                "delete": 1800000000000,
                                "update": 1800000000000
                            }
                        },
                        "tainted": false
                    },
                    "deposed": [],
                    "provider": "provider.openstack"
                },
                "openstack_compute_instance_v2.k8s_node.2": {
                    "type": "openstack_compute_instance_v2",
                    "depends_on": [
                        "openstack_compute_servergroup_v2.k8s_node_admin_group",
                        "openstack_networking_port_v2.k8s_node_admin_port.*"
                    ],
                    "primary": {
                        "id": "9aef7d09-46bb-4994-beb5-53891a5a7489",
                        "attributes": {
                            "access_ip_v4": "192.168.100.5",
                            "access_ip_v6": "",
                            "all_metadata.%": "1",
                            "all_metadata.host_groups": "k8s-node;k8s-cluster",
                            "availability_zone": "nova",
                            "flavor_id": "44",
                            "flavor_name": "n2.cw.standard-4",
                            "force_delete": "false",
                            "id": "9aef7d09-46bb-4994-beb5-53891a5a7489",
                            "image_id": "1fa1c3f9-3bac-4491-ae80-17ecac87dd89",
                            "image_name": "CentOS 7.6",
                            "key_pair": "cwpn6480",
                            "metadata.%": "1",
                            "metadata.host_groups": "k8s-node;k8s-cluster",
                            "name": "k8s-node3",
                            "network.#": "1",
                            "network.0.access_network": "false",
                            "network.0.fixed_ip_v4": "192.168.100.5",
                            "network.0.fixed_ip_v6": "",
                            "network.0.floating_ip": "",
                            "network.0.mac": "02:1c:1e:05:0c:cf",
                            "network.0.name": "network_admin",
                            "network.0.port": "1c1e050c-cf9e-441e-a777-b4f3e33deeac",
                            "network.0.uuid": "d11a7425-51bb-41e4-9048-253ce0bc6a8c",
                            "power_state": "active",
                            "region": "fr2",
                            "scheduler_hints.#": "1",
                            "scheduler_hints.3647939273.additional_properties.%": "0",
                            "scheduler_hints.3647939273.build_near_host_ip": "",
                            "scheduler_hints.3647939273.different_host.#": "0",
                            "scheduler_hints.3647939273.group": "87786fe5-3462-40ba-b415-b0296fa1d387",
                            "scheduler_hints.3647939273.query.#": "0",
                            "scheduler_hints.3647939273.same_host.#": "0",
                            "scheduler_hints.3647939273.target_cell": "",
                            "security_groups.#": "2",
                            "security_groups.1292839281": "admin_sg",
                            "security_groups.517016157": "data_sg",
                            "stop_before_destroy": "false",
                            "user_data": "52ba08da7f4776e57770a7fe64b79b9053587405"
                        },
                        "meta": {
                            "e2bfb730-ecaa-11e6-8f88-34363bc7c4c0": {
                                "create": 1800000000000,
                                "delete": 1800000000000,
                                "update": 1800000000000
                            }
                        },
                        "tainted": false
                    },
                    "deposed": [],
                    "provider": "provider.openstack"
                },
                "openstack_compute_servergroup_v2.k8s_etcd_admin_group": {
                    "type": "openstack_compute_servergroup_v2",
                    "depends_on": [],
                    "primary": {
                        "id": "322cba4a-b1c4-4a5f-8492-9c3a5409e221",
                        "attributes": {
                            "id": "322cba4a-b1c4-4a5f-8492-9c3a5409e221",
                            "members.#": "0",
                            "name": "k8s_etcd_admin_group",
                            "policies.#": "1",
                            "policies.0": "anti-affinity",
                            "region": "fr2"
                        },
                        "meta": {},
                        "tainted": false
                    },
                    "deposed": [],
                    "provider": "provider.openstack"
                },
                "openstack_compute_servergroup_v2.k8s_master_admin_group": {
                    "type": "openstack_compute_servergroup_v2",
                    "depends_on": [],
                    "primary": {
                        "id": "85b7e5b8-7835-44ee-9572-80539aaf8892",
                        "attributes": {
                            "id": "85b7e5b8-7835-44ee-9572-80539aaf8892",
                            "members.#": "0",
                            "name": "k8s_master_admin_group",
                            "policies.#": "1",
                            "policies.0": "anti-affinity",
                            "region": "fr2"
                        },
                        "meta": {},
                        "tainted": false
                    },
                    "deposed": [],
                    "provider": "provider.openstack"
                },
                "openstack_compute_servergroup_v2.k8s_node_admin_group": {
                    "type": "openstack_compute_servergroup_v2",
                    "depends_on": [],
                    "primary": {
                        "id": "87786fe5-3462-40ba-b415-b0296fa1d387",
                        "attributes": {
                            "id": "87786fe5-3462-40ba-b415-b0296fa1d387",
                            "members.#": "0",
                            "name": "k8s_node_admin_group",
                            "policies.#": "1",
                            "policies.0": "anti-affinity",
                            "region": "fr2"
                        },
                        "meta": {},
                        "tainted": false
                    },
                    "deposed": [],
                    "provider": "provider.openstack"
                },
                "openstack_lb_member_v1.k8s_master_member.0": {
                    "type": "openstack_lb_member_v1",
                    "depends_on": [
                        "openstack_compute_instance_v2.k8s_master.*",
                        "openstack_lb_pool_v1.k8s_master_pool"
                    ],
                    "primary": {
                        "id": "5ae5705f-a705-4300-9d40-968d6fc97044",
                        "attributes": {
                            "address": "192.168.100.11",
                            "admin_state_up": "true",
                            "id": "5ae5705f-a705-4300-9d40-968d6fc97044",
                            "pool_id": "bf11e779-0fbe-415f-962d-2e3a1f2c6c79",
                            "port": "6443",
                            "region": "fr2",
                            "weight": "1"
                        },
                        "meta": {
                            "e2bfb730-ecaa-11e6-8f88-34363bc7c4c0": {
                                "create": 600000000000,
                                "delete": 600000000000
                            }
                        },
                        "tainted": false
                    },
                    "deposed": [],
                    "provider": "provider.openstack"
                },
                "openstack_lb_member_v1.k8s_master_member.1": {
                    "type": "openstack_lb_member_v1",
                    "depends_on": [
                        "openstack_compute_instance_v2.k8s_master.*",
                        "openstack_lb_pool_v1.k8s_master_pool"
                    ],
                    "primary": {
                        "id": "7c1650b1-40f4-4289-890f-24652837700f",
                        "attributes": {
                            "address": "192.168.100.8",
                            "admin_state_up": "true",
                            "id": "7c1650b1-40f4-4289-890f-24652837700f",
                            "pool_id": "bf11e779-0fbe-415f-962d-2e3a1f2c6c79",
                            "port": "6443",
                            "region": "fr2",
                            "weight": "1"
                        },
                        "meta": {
                            "e2bfb730-ecaa-11e6-8f88-34363bc7c4c0": {
                                "create": 600000000000,
                                "delete": 600000000000
                            }
                        },
                        "tainted": false
                    },
                    "deposed": [],
                    "provider": "provider.openstack"
                },
                "openstack_lb_member_v1.k8s_master_member.2": {
                    "type": "openstack_lb_member_v1",
                    "depends_on": [
                        "openstack_compute_instance_v2.k8s_master.*",
                        "openstack_lb_pool_v1.k8s_master_pool"
                    ],
                    "primary": {
                        "id": "2b46e869-032c-451e-a38f-41afe28c271a",
                        "attributes": {
                            "address": "192.168.100.4",
                            "admin_state_up": "true",
                            "id": "2b46e869-032c-451e-a38f-41afe28c271a",
                            "pool_id": "bf11e779-0fbe-415f-962d-2e3a1f2c6c79",
                            "port": "6443",
                            "region": "fr2",
                            "weight": "1"
                        },
                        "meta": {
                            "e2bfb730-ecaa-11e6-8f88-34363bc7c4c0": {
                                "create": 600000000000,
                                "delete": 600000000000
                            }
                        },
                        "tainted": false
                    },
                    "deposed": [],
                    "provider": "provider.openstack"
                },
                "openstack_lb_pool_v1.k8s_master_pool": {
                    "type": "openstack_lb_pool_v1",
                    "depends_on": [],
                    "primary": {
                        "id": "bf11e779-0fbe-415f-962d-2e3a1f2c6c79",
                        "attributes": {
                            "id": "bf11e779-0fbe-415f-962d-2e3a1f2c6c79",
                            "lb_method": "ROUND_ROBIN",
                            "lb_provider": "opencontrail",
                            "monitor_ids.#": "0",
                            "name": "k8s-master-pool",
                            "protocol": "TCP",
                            "region": "fr2",
                            "subnet_id": "ab7eca79-d970-4b5d-a5b9-38bdb7fd40df",
                            "tenant_id": "6f81791aa7114b1d9ee402b75c9c1023"
                        },
                        "meta": {
                            "e2bfb730-ecaa-11e6-8f88-34363bc7c4c0": {
                                "create": 600000000000,
                                "delete": 600000000000
                            }
                        },
                        "tainted": false
                    },
                    "deposed": [],
                    "provider": "provider.openstack"
                },
                "openstack_lb_vip_v1.k8s_master_vip": {
                    "type": "openstack_lb_vip_v1",
                    "depends_on": [
                        "openstack_compute_floatingip_v2.k8s_master_floatingip",
                        "openstack_lb_pool_v1.k8s_master_pool"
                    ],
                    "primary": {
                        "id": "0c50d70f-bf90-40e7-a630-5ab64d490233",
                        "attributes": {
                            "address": "192.168.100.12",
                            "admin_state_up": "true",
                            "conn_limit": "-1",
                            "description": "",
                            "floating_ip": "84.39.53.72",
                            "id": "0c50d70f-bf90-40e7-a630-5ab64d490233",
                            "name": "k8s-master-vip",
                            "persistence.%": "0",
                            "pool_id": "bf11e779-0fbe-415f-962d-2e3a1f2c6c79",
                            "port": "443",
                            "port_id": "ddc4775b-1e5e-40b9-8e46-f511495cc4e5",
                            "protocol": "TCP",
                            "region": "fr2",
                            "subnet_id": "ab7eca79-d970-4b5d-a5b9-38bdb7fd40df",
                            "tenant_id": "6f81791aa7114b1d9ee402b75c9c1023"
                        },
                        "meta": {
                            "e2bfb730-ecaa-11e6-8f88-34363bc7c4c0": {
                                "create": 600000000000,
                                "delete": 600000000000
                            }
                        },
                        "tainted": false
                    },
                    "deposed": [],
                    "provider": "provider.openstack"
                },
                "openstack_networking_floatingip_associate_v2.bastion_ssh_floatingip_association": {
                    "type": "openstack_networking_floatingip_associate_v2",
                    "depends_on": [
                        "openstack_compute_floatingip_v2.bastion_ssh_floatingip",
                        "openstack_networking_port_v2.bastion_ssh_port"
                    ],
                    "primary": {
                        "id": "caffbfb2-82e1-479f-95d2-b73948724a14",
                        "attributes": {
                            "floating_ip": "84.39.53.136",
                            "id": "caffbfb2-82e1-479f-95d2-b73948724a14",
                            "port_id": "1e8135df-ff99-458c-9059-4ea8db0802d9",
                            "region": "fr2"
                        },
                        "meta": {},
                        "tainted": false
                    },
                    "deposed": [],
                    "provider": "provider.openstack"
                },
                "openstack_networking_port_v2.bastion_ssh_port": {
                    "type": "openstack_networking_port_v2",
                    "depends_on": [],
                    "primary": {
                        "id": "1e8135df-ff99-458c-9059-4ea8db0802d9",
                        "attributes": {
                            "admin_state_up": "true",
                            "all_fixed_ips.#": "1",
                            "all_fixed_ips.0": "192.168.100.6",
                            "all_security_group_ids.#": "1",
                            "all_security_group_ids.353200754": "5465d874-231c-457c-a2a5-3d8f0687cff9",
                            "allowed_address_pairs.#": "0",
                            "description": "",
                            "device_id": "",
                            "device_owner": "",
                            "extra_dhcp_option.#": "0",
                            "fixed_ip.#": "1",
                            "fixed_ip.0.ip_address": "",
                            "fixed_ip.0.subnet_id": "ab7eca79-d970-4b5d-a5b9-38bdb7fd40df",
                            "id": "1e8135df-ff99-458c-9059-4ea8db0802d9",
                            "mac_address": "02:1e:81:35:df:ff",
                            "name": "bastion-ssh-port",
                            "network_id": "d11a7425-51bb-41e4-9048-253ce0bc6a8c",
                            "region": "fr2",
                            "security_group_ids.#": "1",
                            "security_group_ids.353200754": "5465d874-231c-457c-a2a5-3d8f0687cff9",
                            "tags.#": "0",
                            "tenant_id": "6f81791aa7114b1d9ee402b75c9c1023"
                        },
                        "meta": {
                            "e2bfb730-ecaa-11e6-8f88-34363bc7c4c0": {
                                "create": 600000000000,
                                "delete": 600000000000
                            }
                        },
                        "tainted": false
                    },
                    "deposed": [],
                    "provider": "provider.openstack"
                },
                "openstack_networking_port_v2.k8s_etcd_admin_port.0": {
                    "type": "openstack_networking_port_v2",
                    "depends_on": [],
                    "primary": {
                        "id": "d521c745-c1d1-40ee-8222-dda73e3826fc",
                        "attributes": {
                            "admin_state_up": "true",
                            "all_fixed_ips.#": "1",
                            "all_fixed_ips.0": "192.168.100.10",
                            "all_security_group_ids.#": "3",
                            "all_security_group_ids.1192512936": "fca45bbd-ad7b-492c-8e79-ba1562fcce3c",
                            "all_security_group_ids.353200754": "5465d874-231c-457c-a2a5-3d8f0687cff9",
                            "all_security_group_ids.3618116357": "4a9d1025-d83a-43b2-91eb-f9dc152681d1",
                            "allowed_address_pairs.#": "0",
                            "description": "",
                            "device_id": "",
                            "device_owner": "",
                            "extra_dhcp_option.#": "0",
                            "fixed_ip.#": "1",
                            "fixed_ip.0.ip_address": "",
                            "fixed_ip.0.subnet_id": "ab7eca79-d970-4b5d-a5b9-38bdb7fd40df",
                            "id": "d521c745-c1d1-40ee-8222-dda73e3826fc",
                            "mac_address": "02:d5:21:c7:45:c1",
                            "name": "k8s-etcd-admin-port1",
                            "network_id": "d11a7425-51bb-41e4-9048-253ce0bc6a8c",
                            "region": "fr2",
                            "security_group_ids.#": "3",
                            "security_group_ids.1192512936": "fca45bbd-ad7b-492c-8e79-ba1562fcce3c",
                            "security_group_ids.353200754": "5465d874-231c-457c-a2a5-3d8f0687cff9",
                            "security_group_ids.3618116357": "4a9d1025-d83a-43b2-91eb-f9dc152681d1",
                            "tags.#": "0",
                            "tenant_id": "6f81791aa7114b1d9ee402b75c9c1023"
                        },
                        "meta": {
                            "e2bfb730-ecaa-11e6-8f88-34363bc7c4c0": {
                                "create": 600000000000,
                                "delete": 600000000000
                            }
                        },
                        "tainted": false
                    },
                    "deposed": [],
                    "provider": "provider.openstack"
                },
                "openstack_networking_port_v2.k8s_etcd_admin_port.1": {
                    "type": "openstack_networking_port_v2",
                    "depends_on": [],
                    "primary": {
                        "id": "333056ab-2228-44dd-8a53-1925a01cc04f",
                        "attributes": {
                            "admin_state_up": "true",
                            "all_fixed_ips.#": "1",
                            "all_fixed_ips.0": "192.168.100.9",
                            "all_security_group_ids.#": "3",
                            "all_security_group_ids.1192512936": "fca45bbd-ad7b-492c-8e79-ba1562fcce3c",
                            "all_security_group_ids.353200754": "5465d874-231c-457c-a2a5-3d8f0687cff9",
                            "all_security_group_ids.3618116357": "4a9d1025-d83a-43b2-91eb-f9dc152681d1",
                            "allowed_address_pairs.#": "0",
                            "description": "",
                            "device_id": "",
                            "device_owner": "",
                            "extra_dhcp_option.#": "0",
                            "fixed_ip.#": "1",
                            "fixed_ip.0.ip_address": "",
                            "fixed_ip.0.subnet_id": "ab7eca79-d970-4b5d-a5b9-38bdb7fd40df",
                            "id": "333056ab-2228-44dd-8a53-1925a01cc04f",
                            "mac_address": "02:33:30:56:ab:22",
                            "name": "k8s-etcd-admin-port2",
                            "network_id": "d11a7425-51bb-41e4-9048-253ce0bc6a8c",
                            "region": "fr2",
                            "security_group_ids.#": "3",
                            "security_group_ids.1192512936": "fca45bbd-ad7b-492c-8e79-ba1562fcce3c",
                            "security_group_ids.353200754": "5465d874-231c-457c-a2a5-3d8f0687cff9",
                            "security_group_ids.3618116357": "4a9d1025-d83a-43b2-91eb-f9dc152681d1",
                            "tags.#": "0",
                            "tenant_id": "6f81791aa7114b1d9ee402b75c9c1023"
                        },
                        "meta": {
                            "e2bfb730-ecaa-11e6-8f88-34363bc7c4c0": {
                                "create": 600000000000,
                                "delete": 600000000000
                            }
                        },
                        "tainted": false
                    },
                    "deposed": [],
                    "provider": "provider.openstack"
                },
                "openstack_networking_port_v2.k8s_etcd_admin_port.2": {
                    "type": "openstack_networking_port_v2",
                    "depends_on": [],
                    "primary": {
                        "id": "95459c74-c0bf-40ff-be7b-5e929b6f5d19",
                        "attributes": {
                            "admin_state_up": "true",
                            "all_fixed_ips.#": "1",
                            "all_fixed_ips.0": "192.168.100.2",
                            "all_security_group_ids.#": "3",
                            "all_security_group_ids.1192512936": "fca45bbd-ad7b-492c-8e79-ba1562fcce3c",
                            "all_security_group_ids.353200754": "5465d874-231c-457c-a2a5-3d8f0687cff9",
                            "all_security_group_ids.3618116357": "4a9d1025-d83a-43b2-91eb-f9dc152681d1",
                            "allowed_address_pairs.#": "0",
                            "description": "",
                            "device_id": "",
                            "device_owner": "",
                            "extra_dhcp_option.#": "0",
                            "fixed_ip.#": "1",
                            "fixed_ip.0.ip_address": "",
                            "fixed_ip.0.subnet_id": "ab7eca79-d970-4b5d-a5b9-38bdb7fd40df",
                            "id": "95459c74-c0bf-40ff-be7b-5e929b6f5d19",
                            "mac_address": "02:95:45:9c:74:c0",
                            "name": "k8s-etcd-admin-port3",
                            "network_id": "d11a7425-51bb-41e4-9048-253ce0bc6a8c",
                            "region": "fr2",
                            "security_group_ids.#": "3",
                            "security_group_ids.1192512936": "fca45bbd-ad7b-492c-8e79-ba1562fcce3c",
                            "security_group_ids.353200754": "5465d874-231c-457c-a2a5-3d8f0687cff9",
                            "security_group_ids.3618116357": "4a9d1025-d83a-43b2-91eb-f9dc152681d1",
                            "tags.#": "0",
                            "tenant_id": "6f81791aa7114b1d9ee402b75c9c1023"
                        },
                        "meta": {
                            "e2bfb730-ecaa-11e6-8f88-34363bc7c4c0": {
                                "create": 600000000000,
                                "delete": 600000000000
                            }
                        },
                        "tainted": false
                    },
                    "deposed": [],
                    "provider": "provider.openstack"
                },
                "openstack_networking_port_v2.k8s_master_admin_port.0": {
                    "type": "openstack_networking_port_v2",
                    "depends_on": [],
                    "primary": {
                        "id": "c5be94be-20e5-4468-ac31-01e854df7d5e",
                        "attributes": {
                            "admin_state_up": "true",
                            "all_fixed_ips.#": "1",
                            "all_fixed_ips.0": "192.168.100.11",
                            "all_security_group_ids.#": "2",
                            "all_security_group_ids.1192512936": "fca45bbd-ad7b-492c-8e79-ba1562fcce3c",
                            "all_security_group_ids.353200754": "5465d874-231c-457c-a2a5-3d8f0687cff9",
                            "allowed_address_pairs.#": "0",
                            "description": "",
                            "device_id": "",
                            "device_owner": "",
                            "extra_dhcp_option.#": "0",
                            "fixed_ip.#": "1",
                            "fixed_ip.0.ip_address": "",
                            "fixed_ip.0.subnet_id": "ab7eca79-d970-4b5d-a5b9-38bdb7fd40df",
                            "id": "c5be94be-20e5-4468-ac31-01e854df7d5e",
                            "mac_address": "02:c5:be:94:be:20",
                            "name": "k8s-master-admin-port1",
                            "network_id": "d11a7425-51bb-41e4-9048-253ce0bc6a8c",
                            "region": "fr2",
                            "security_group_ids.#": "2",
                            "security_group_ids.1192512936": "fca45bbd-ad7b-492c-8e79-ba1562fcce3c",
                            "security_group_ids.353200754": "5465d874-231c-457c-a2a5-3d8f0687cff9",
                            "tags.#": "0",
                            "tenant_id": "6f81791aa7114b1d9ee402b75c9c1023"
                        },
                        "meta": {
                            "e2bfb730-ecaa-11e6-8f88-34363bc7c4c0": {
                                "create": 600000000000,
                                "delete": 600000000000
                            }
                        },
                        "tainted": false
                    },
                    "deposed": [],
                    "provider": "provider.openstack"
                },
                "openstack_networking_port_v2.k8s_master_admin_port.1": {
                    "type": "openstack_networking_port_v2",
                    "depends_on": [],
                    "primary": {
                        "id": "2493bbcf-efaf-40fa-8128-1fc20341993e",
                        "attributes": {
                            "admin_state_up": "true",
                            "all_fixed_ips.#": "1",
                            "all_fixed_ips.0": "192.168.100.8",
                            "all_security_group_ids.#": "2",
                            "all_security_group_ids.1192512936": "fca45bbd-ad7b-492c-8e79-ba1562fcce3c",
                            "all_security_group_ids.353200754": "5465d874-231c-457c-a2a5-3d8f0687cff9",
                            "allowed_address_pairs.#": "0",
                            "description": "",
                            "device_id": "",
                            "device_owner": "",
                            "extra_dhcp_option.#": "0",
                            "fixed_ip.#": "1",
                            "fixed_ip.0.ip_address": "",
                            "fixed_ip.0.subnet_id": "ab7eca79-d970-4b5d-a5b9-38bdb7fd40df",
                            "id": "2493bbcf-efaf-40fa-8128-1fc20341993e",
                            "mac_address": "02:24:93:bb:cf:ef",
                            "name": "k8s-master-admin-port2",
                            "network_id": "d11a7425-51bb-41e4-9048-253ce0bc6a8c",
                            "region": "fr2",
                            "security_group_ids.#": "2",
                            "security_group_ids.1192512936": "fca45bbd-ad7b-492c-8e79-ba1562fcce3c",
                            "security_group_ids.353200754": "5465d874-231c-457c-a2a5-3d8f0687cff9",
                            "tags.#": "0",
                            "tenant_id": "6f81791aa7114b1d9ee402b75c9c1023"
                        },
                        "meta": {
                            "e2bfb730-ecaa-11e6-8f88-34363bc7c4c0": {
                                "create": 600000000000,
                                "delete": 600000000000
                            }
                        },
                        "tainted": false
                    },
                    "deposed": [],
                    "provider": "provider.openstack"
                },
                "openstack_networking_port_v2.k8s_master_admin_port.2": {
                    "type": "openstack_networking_port_v2",
                    "depends_on": [],
                    "primary": {
                        "id": "bf8ac3c6-a4b4-44fe-803f-056423635243",
                        "attributes": {
                            "admin_state_up": "true",
                            "all_fixed_ips.#": "1",
                            "all_fixed_ips.0": "192.168.100.4",
                            "all_security_group_ids.#": "2",
                            "all_security_group_ids.1192512936": "fca45bbd-ad7b-492c-8e79-ba1562fcce3c",
                            "all_security_group_ids.353200754": "5465d874-231c-457c-a2a5-3d8f0687cff9",
                            "allowed_address_pairs.#": "0",
                            "description": "",
                            "device_id": "",
                            "device_owner": "",
                            "extra_dhcp_option.#": "0",
                            "fixed_ip.#": "1",
                            "fixed_ip.0.ip_address": "",
                            "fixed_ip.0.subnet_id": "ab7eca79-d970-4b5d-a5b9-38bdb7fd40df",
                            "id": "bf8ac3c6-a4b4-44fe-803f-056423635243",
                            "mac_address": "02:bf:8a:c3:c6:a4",
                            "name": "k8s-master-admin-port3",
                            "network_id": "d11a7425-51bb-41e4-9048-253ce0bc6a8c",
                            "region": "fr2",
                            "security_group_ids.#": "2",
                            "security_group_ids.1192512936": "fca45bbd-ad7b-492c-8e79-ba1562fcce3c",
                            "security_group_ids.353200754": "5465d874-231c-457c-a2a5-3d8f0687cff9",
                            "tags.#": "0",
                            "tenant_id": "6f81791aa7114b1d9ee402b75c9c1023"
                        },
                        "meta": {
                            "e2bfb730-ecaa-11e6-8f88-34363bc7c4c0": {
                                "create": 600000000000,
                                "delete": 600000000000
                            }
                        },
                        "tainted": false
                    },
                    "deposed": [],
                    "provider": "provider.openstack"
                },
                "openstack_networking_port_v2.k8s_node_admin_port.0": {
                    "type": "openstack_networking_port_v2",
                    "depends_on": [],
                    "primary": {
                        "id": "15411ef4-fbf5-4251-aa11-9bc605933b0b",
                        "attributes": {
                            "admin_state_up": "true",
                            "all_fixed_ips.#": "1",
                            "all_fixed_ips.0": "192.168.100.7",
                            "all_security_group_ids.#": "2",
                            "all_security_group_ids.1192512936": "fca45bbd-ad7b-492c-8e79-ba1562fcce3c",
                            "all_security_group_ids.353200754": "5465d874-231c-457c-a2a5-3d8f0687cff9",
                            "allowed_address_pairs.#": "0",
                            "description": "",
                            "device_id": "",
                            "device_owner": "",
                            "extra_dhcp_option.#": "0",
                            "fixed_ip.#": "1",
                            "fixed_ip.0.ip_address": "",
                            "fixed_ip.0.subnet_id": "ab7eca79-d970-4b5d-a5b9-38bdb7fd40df",
                            "id": "15411ef4-fbf5-4251-aa11-9bc605933b0b",
                            "mac_address": "02:15:41:1e:f4:fb",
                            "name": "k8s-node-admin-port1",
                            "network_id": "d11a7425-51bb-41e4-9048-253ce0bc6a8c",
                            "region": "fr2",
                            "security_group_ids.#": "2",
                            "security_group_ids.1192512936": "fca45bbd-ad7b-492c-8e79-ba1562fcce3c",
                            "security_group_ids.353200754": "5465d874-231c-457c-a2a5-3d8f0687cff9",
                            "tags.#": "0",
                            "tenant_id": "6f81791aa7114b1d9ee402b75c9c1023"
                        },
                        "meta": {
                            "e2bfb730-ecaa-11e6-8f88-34363bc7c4c0": {
                                "create": 600000000000,
                                "delete": 600000000000
                            }
                        },
                        "tainted": false
                    },
                    "deposed": [],
                    "provider": "provider.openstack"
                },
                "openstack_networking_port_v2.k8s_node_admin_port.1": {
                    "type": "openstack_networking_port_v2",
                    "depends_on": [],
                    "primary": {
                        "id": "c7420d20-4411-4b38-b749-2d748ea1eab7",
                        "attributes": {
                            "admin_state_up": "true",
                            "all_fixed_ips.#": "1",
                            "all_fixed_ips.0": "192.168.100.3",
                            "all_security_group_ids.#": "2",
                            "all_security_group_ids.1192512936": "fca45bbd-ad7b-492c-8e79-ba1562fcce3c",
                            "all_security_group_ids.353200754": "5465d874-231c-457c-a2a5-3d8f0687cff9",
                            "allowed_address_pairs.#": "0",
                            "description": "",
                            "device_id": "",
                            "device_owner": "",
                            "extra_dhcp_option.#": "0",
                            "fixed_ip.#": "1",
                            "fixed_ip.0.ip_address": "",
                            "fixed_ip.0.subnet_id": "ab7eca79-d970-4b5d-a5b9-38bdb7fd40df",
                            "id": "c7420d20-4411-4b38-b749-2d748ea1eab7",
                            "mac_address": "02:c7:42:0d:20:44",
                            "name": "k8s-node-admin-port2",
                            "network_id": "d11a7425-51bb-41e4-9048-253ce0bc6a8c",
                            "region": "fr2",
                            "security_group_ids.#": "2",
                            "security_group_ids.1192512936": "fca45bbd-ad7b-492c-8e79-ba1562fcce3c",
                            "security_group_ids.353200754": "5465d874-231c-457c-a2a5-3d8f0687cff9",
                            "tags.#": "0",
                            "tenant_id": "6f81791aa7114b1d9ee402b75c9c1023"
                        },
                        "meta": {
                            "e2bfb730-ecaa-11e6-8f88-34363bc7c4c0": {
                                "create": 600000000000,
                                "delete": 600000000000
                            }
                        },
                        "tainted": false
                    },
                    "deposed": [],
                    "provider": "provider.openstack"
                },
                "openstack_networking_port_v2.k8s_node_admin_port.2": {
                    "type": "openstack_networking_port_v2",
                    "depends_on": [],
                    "primary": {
                        "id": "1c1e050c-cf9e-441e-a777-b4f3e33deeac",
                        "attributes": {
                            "admin_state_up": "true",
                            "all_fixed_ips.#": "1",
                            "all_fixed_ips.0": "192.168.100.5",
                            "all_security_group_ids.#": "2",
                            "all_security_group_ids.1192512936": "fca45bbd-ad7b-492c-8e79-ba1562fcce3c",
                            "all_security_group_ids.353200754": "5465d874-231c-457c-a2a5-3d8f0687cff9",
                            "allowed_address_pairs.#": "0",
                            "description": "",
                            "device_id": "",
                            "device_owner": "",
                            "extra_dhcp_option.#": "0",
                            "fixed_ip.#": "1",
                            "fixed_ip.0.ip_address": "",
                            "fixed_ip.0.subnet_id": "ab7eca79-d970-4b5d-a5b9-38bdb7fd40df",
                            "id": "1c1e050c-cf9e-441e-a777-b4f3e33deeac",
                            "mac_address": "02:1c:1e:05:0c:cf",
                            "name": "k8s-node-admin-port3",
                            "network_id": "d11a7425-51bb-41e4-9048-253ce0bc6a8c",
                            "region": "fr2",
                            "security_group_ids.#": "2",
                            "security_group_ids.1192512936": "fca45bbd-ad7b-492c-8e79-ba1562fcce3c",
                            "security_group_ids.353200754": "5465d874-231c-457c-a2a5-3d8f0687cff9",
                            "tags.#": "0",
                            "tenant_id": "6f81791aa7114b1d9ee402b75c9c1023"
                        },
                        "meta": {
                            "e2bfb730-ecaa-11e6-8f88-34363bc7c4c0": {
                                "create": 600000000000,
                                "delete": 600000000000
                            }
                        },
                        "tainted": false
                    },
                    "deposed": [],
                    "provider": "provider.openstack"
                }
            },
            "depends_on": []
        }
    ]
}
